<?xml version="1.0" encoding="utf-8"?>
<Project ToolsVersion="4.0" xmlns="http://schemas.microsoft.com/developer/msbuild/2003">
  <ItemGroup>
    <Filter Include="Source Files">
      <UniqueIdentifier>{4FC737F1-C7A5-4376-A066-2A32D752A2FF}</UniqueIdentifier>
      <Extensions>cpp;c;cc;cxx;c++;def;odl;idl;hpj;bat;asm;asmx</Extensions>
    </Filter>
    <Filter Include="Resource Files">
      <UniqueIdentifier>{67DA6AB6-F800-4c08-8B7A-83BB121AAD01}</UniqueIdentifier>
      <Extensions>rc;ico;cur;bmp;dlg;rc2;rct;bin;rgs;gif;jpg;jpeg;jpe;resx;tiff;tif;png;wav;mfcribbon-ms</Extensions>
    </Filter>
    <Filter Include="Components">
      <UniqueIdentifier>{485742a5-2938-4dda-9959-a817b14adeaa}</UniqueIdentifier>
    </Filter>
    <Filter Include="Systems">
      <UniqueIdentifier>{80e82846-b0d1-4d71-8419-f4f054de09fd}</UniqueIdentifier>
    </Filter>
  </ItemGroup>
  <ItemGroup>
    <ClCompile Include="main.cpp">
      <Filter>Source Files</Filter>
    </ClCompile>
    <ClCompile Include="Game.cpp">
      <Filter>Source Files</Filter>
    </ClCompile>
    <ClCompile Include="ECS\Registry.cpp">
      <Filter>Source Files</Filter>
    </ClCompile>
    <ClCompile Include="TextureManager.cpp">
      <Filter>Source Files</Filter>
    </ClCompile>
  </ItemGroup>
  <ItemGroup>
    <ClInclude Include="Transform.h">
      <Filter>Components</Filter>
    </ClInclude>
    <ClInclude Include="Sprite.h">
      <Filter>Components</Filter>
    </ClInclude>
    <ClInclude Include="TextureManager.h">
      <Filter>Source Files</Filter>
    </ClInclude>
    <ClInclude Include="Game.h">
      <Filter>Source Files</Filter>
    </ClInclude>
    <ClInclude Include="SpriteRenderer.h">
      <Filter>Systems</Filter>
    </ClInclude>
    <ClInclude Include="Rect.h">
      <Filter>Components</Filter>
    </ClInclude>
    <ClInclude Include="RigidBody.h">
      <Filter>Components</Filter>
    </ClInclude>
    <ClInclude Include="Physics.h">
      <Filter>Systems</Filter>
    </ClInclude>
    <ClInclude Include="AStarNode.h">
      <Filter>Components</Filter>
    </ClInclude>
    <ClInclude Include="AStar.h">
      <Filter>Systems</Filter>
    </ClInclude>
    <ClInclude Include="SpriteAnimation.h">
      <Filter>Components</Filter>
    </ClInclude>
    <ClInclude Include="SpriteAnimator.h">
      <Filter>Systems</Filter>
    </ClInclude>
    <ClInclude Include="Decision.h">
      <Filter>Components</Filter>
    </ClInclude>
    <ClInclude Include="State.h">
      <Filter>Components</Filter>
    </ClInclude>
    <ClInclude Include="Agent.h">
      <Filter>Components</Filter>
    </ClInclude>
    <ClInclude Include="Tile.h">
      <Filter>Components</Filter>
    </ClInclude>
    <ClInclude Include="Tilemap.h">
      <Filter>Systems</Filter>
    </ClInclude>
  </ItemGroup>
</Project>